
Microsoft Visual Studio Solution File, Format Version 12.00
# Visual Studio Version 16
VisualStudioVersion = 16.0.31105.61
MinimumVisualStudioVersion = 10.0.40219.1
Project("{FAE04EC0-301F-11D3-BF4B-00C04F79EFBC}") = "Snake", "Snake.csproj", "{74C38CAA-9644-438C-8463-5B5E9CA76906}"
EndProject
Global
	GlobalSection(SolutionConfigurationPlatforms) = preSolution
		Debug|Any CPU = Debug|Any CPU
		Release|Any CPU = Release|Any CPU
	EndGlobalSection
	GlobalSection(ProjectConfigurationPlatforms) = postSolution
		{74C38CAA-9644-438C-8463-5B5E9CA76906}.Debug|Any CPU.ActiveCfg = Debug|Any CPU
		{74C38CAA-9644-438C-8463-5B5E9CA76906}.Debug|Any CPU.Build.0 = Debug|Any CPU
		{74C38CAA-9644-438C-8463-5B5E9CA76906}.Release|Any CPU.ActiveCfg = Release|Any CPU
		{74C38CAA-9644-438C-8463-5B5E9CA76906}.Release|Any CPU.Build.0 = Release|Any CPU
	EndGlobalSection
	GlobalSection(SolutionProperties) = preSolution
		HideSolutionNode = FALSE
	EndGlobalSection
	GlobalSection(ExtensibilityGlobals) = postSolution
		SolutionGuid = {F068869E-BE8F-41A9-B8AC-14FB1AA9BAB9}
	EndGlobalSection
EndGlobal
